
Microsoft Visual Studio Solution File, Format Version 12.00
# Visual Studio Version 16
VisualStudioVersion = 16.0.29905.134
MinimumVisualStudioVersion = 10.0.40219.1
Project("{FAE04EC0-301F-11D3-BF4B-00C04F79EFBC}") = "DictionaryExe1", "DictionaryExe1\DictionaryExe1.csproj", "{955D2496-E384-457A-A821-29DA3B3B78B1}"
EndProject
Global
	GlobalSection(SolutionConfigurationPlatforms) = preSolution
		Debug|Any CPU = Debug|Any CPU
		Release|Any CPU = Release|Any CPU
	EndGlobalSection
	GlobalSection(ProjectConfigurationPlatforms) = postSolution
		{955D2496-E384-457A-A821-29DA3B3B78B1}.Debug|Any CPU.ActiveCfg = Debug|Any CPU
		{955D2496-E384-457A-A821-29DA3B3B78B1}.Debug|Any CPU.Build.0 = Debug|Any CPU
		{955D2496-E384-457A-A821-29DA3B3B78B1}.Release|Any CPU.ActiveCfg = Release|Any CPU
		{955D2496-E384-457A-A821-29DA3B3B78B1}.Release|Any CPU.Build.0 = Release|Any CPU
	EndGlobalSection
	GlobalSection(SolutionProperties) = preSolution
		HideSolutionNode = FALSE
	EndGlobalSection
	GlobalSection(ExtensibilityGlobals) = postSolution
		SolutionGuid = {14DF5875-7642-4A0C-A52C-3A76D05048E9}
	EndGlobalSection
EndGlobal
